// !$*UTF8*$!
{
	archiveVersion = 1;
	classes = {
	};
	objectVersion = 46;
	objects = {

/* Begin PBXBuildFile section */
		19ED57A3BD6E2416395F30F6 /* Pods_viewstate.framework in Frameworks */ = {isa = PBXBuildFile; fileRef = 9FEA37AD3A5E515833DC4CB9 /* Pods_viewstate.framework */; };
		347765421F382BAA00B6B4F1 /* UserInteractor.swift in Sources */ = {isa = PBXBuildFile; fileRef = 347765411F382BAA00B6B4F1 /* UserInteractor.swift */; };
		347765441F3836E000B6B4F1 /* PostsInteractor.swift in Sources */ = {isa = PBXBuildFile; fileRef = 347765431F3836E000B6B4F1 /* PostsInteractor.swift */; };
		347765461F3836F100B6B4F1 /* ProfileInteractor.swift in Sources */ = {isa = PBXBuildFile; fileRef = 347765451F3836F100B6B4F1 /* ProfileInteractor.swift */; };
		347765481F38373400B6B4F1 /* ProfileViewModel.swift in Sources */ = {isa = PBXBuildFile; fileRef = 347765471F38373400B6B4F1 /* ProfileViewModel.swift */; };
		3477654A1F38373D00B6B4F1 /* PostsViewModel.swift in Sources */ = {isa = PBXBuildFile; fileRef = 347765491F38373D00B6B4F1 /* PostsViewModel.swift */; };
		3477654C1F38374500B6B4F1 /* UserViewModel.swift in Sources */ = {isa = PBXBuildFile; fileRef = 3477654B1F38374500B6B4F1 /* UserViewModel.swift */; };
		3477654E1F38468E00B6B4F1 /* ProfileService.swift in Sources */ = {isa = PBXBuildFile; fileRef = 3477654D1F38468E00B6B4F1 /* ProfileService.swift */; };
		347765501F3846C300B6B4F1 /* SchedulerContext.swift in Sources */ = {isa = PBXBuildFile; fileRef = 3477654F1F3846C300B6B4F1 /* SchedulerContext.swift */; };
		347765521F3AB78800B6B4F1 /* PostsService.swift in Sources */ = {isa = PBXBuildFile; fileRef = 347765511F3AB78800B6B4F1 /* PostsService.swift */; };
		347765541F3AC1E200B6B4F1 /* UserViewController.swift in Sources */ = {isa = PBXBuildFile; fileRef = 347765531F3AC1E200B6B4F1 /* UserViewController.swift */; };
		34B34E791FE50CE000AC3C73 /* viewstateTests.swift in Sources */ = {isa = PBXBuildFile; fileRef = 34B34E781FE50CE000AC3C73 /* viewstateTests.swift */; };
		34C0687D1F3AD023004C4F69 /* Styles.swift in Sources */ = {isa = PBXBuildFile; fileRef = 34C0687C1F3ACFAF004C4F69 /* Styles.swift */; };
		34C5411C1F3828780019D4C2 /* AppDelegate.swift in Sources */ = {isa = PBXBuildFile; fileRef = 34C5411B1F3828780019D4C2 /* AppDelegate.swift */; };
		34C541231F3828780019D4C2 /* Assets.xcassets in Resources */ = {isa = PBXBuildFile; fileRef = 34C541221F3828780019D4C2 /* Assets.xcassets */; };
		34C541261F3828780019D4C2 /* LaunchScreen.storyboard in Resources */ = {isa = PBXBuildFile; fileRef = 34C541241F3828780019D4C2 /* LaunchScreen.storyboard */; };
		34E549531F3FBEFD0058624C /* UITableView+RegisterCells.swift in Sources */ = {isa = PBXBuildFile; fileRef = 34E549521F3FBEFD0058624C /* UITableView+RegisterCells.swift */; };
		34E549551F3FBF790058624C /* LoadingTextView.swift in Sources */ = {isa = PBXBuildFile; fileRef = 34E549541F3FBF790058624C /* LoadingTextView.swift */; };
		34E549571F3FBF9F0058624C /* ProfileHeaderCell.swift in Sources */ = {isa = PBXBuildFile; fileRef = 34E549561F3FBF9F0058624C /* ProfileHeaderCell.swift */; };
		34E549591F3FBFC10058624C /* ErrorCell.swift in Sources */ = {isa = PBXBuildFile; fileRef = 34E549581F3FBFC10058624C /* ErrorCell.swift */; };
		34E5495B1F3FBFFA0058624C /* ProfileAttributeCell.swift in Sources */ = {isa = PBXBuildFile; fileRef = 34E5495A1F3FBFFA0058624C /* ProfileAttributeCell.swift */; };
		34E5495D1F3FC00F0058624C /* ContentHeaderCell.swift in Sources */ = {isa = PBXBuildFile; fileRef = 34E5495C1F3FC00F0058624C /* ContentHeaderCell.swift */; };
		34E5495F1F3FC0230058624C /* ContentLoadingCell.swift in Sources */ = {isa = PBXBuildFile; fileRef = 34E5495E1F3FC0230058624C /* ContentLoadingCell.swift */; };
		34E549611F3FC03A0058624C /* ContentEmptyCell.swift in Sources */ = {isa = PBXBuildFile; fileRef = 34E549601F3FC03A0058624C /* ContentEmptyCell.swift */; };
		34E549631F3FC0500058624C /* PostCell.swift in Sources */ = {isa = PBXBuildFile; fileRef = 34E549621F3FC0500058624C /* PostCell.swift */; };
		34E5496C1F3FC1670058624C /* ErrorViewModel.swift in Sources */ = {isa = PBXBuildFile; fileRef = 34E5496B1F3FC1670058624C /* ErrorViewModel.swift */; };
		34E5496E1F3FC1730058624C /* LoadingTextViewModel.swift in Sources */ = {isa = PBXBuildFile; fileRef = 34E5496D1F3FC1730058624C /* LoadingTextViewModel.swift */; };
		34E549701F3FC1C20058624C /* User.swift in Sources */ = {isa = PBXBuildFile; fileRef = 34E5496F1F3FC1C20058624C /* User.swift */; };
		34E549721F3FC1C90058624C /* Post.swift in Sources */ = {isa = PBXBuildFile; fileRef = 34E549711F3FC1C90058624C /* Post.swift */; };
/* End PBXBuildFile section */

/* Begin PBXContainerItemProxy section */
		34B34E7B1FE50CE000AC3C73 /* PBXContainerItemProxy */ = {
			isa = PBXContainerItemProxy;
			containerPortal = 34C541101F3828780019D4C2 /* Project object */;
			proxyType = 1;
			remoteGlobalIDString = 34C541171F3828780019D4C2;
			remoteInfo = viewstate;
		};
/* End PBXContainerItemProxy section */

/* Begin PBXCopyFilesBuildPhase section */
		34E549471F3AD7970058624C /* Embed Frameworks */ = {
			isa = PBXCopyFilesBuildPhase;
			buildActionMask = 2147483647;
			dstPath = "";
			dstSubfolderSpec = 10;
			files = (
			);
			name = "Embed Frameworks";
			runOnlyForDeploymentPostprocessing = 0;
		};
/* End PBXCopyFilesBuildPhase section */

/* Begin PBXFileReference section */
		347765411F382BAA00B6B4F1 /* UserInteractor.swift */ = {isa = PBXFileReference; lastKnownFileType = sourcecode.swift; path = UserInteractor.swift; sourceTree = "<group>"; };
		347765431F3836E000B6B4F1 /* PostsInteractor.swift */ = {isa = PBXFileReference; lastKnownFileType = sourcecode.swift; path = PostsInteractor.swift; sourceTree = "<group>"; };
		347765451F3836F100B6B4F1 /* ProfileInteractor.swift */ = {isa = PBXFileReference; lastKnownFileType = sourcecode.swift; path = ProfileInteractor.swift; sourceTree = "<group>"; };
		347765471F38373400B6B4F1 /* ProfileViewModel.swift */ = {isa = PBXFileReference; lastKnownFileType = sourcecode.swift; path = ProfileViewModel.swift; sourceTree = "<group>"; };
		347765491F38373D00B6B4F1 /* PostsViewModel.swift */ = {isa = PBXFileReference; lastKnownFileType = sourcecode.swift; path = PostsViewModel.swift; sourceTree = "<group>"; };
		3477654B1F38374500B6B4F1 /* UserViewModel.swift */ = {isa = PBXFileReference; lastKnownFileType = sourcecode.swift; path = UserViewModel.swift; sourceTree = "<group>"; };
		3477654D1F38468E00B6B4F1 /* ProfileService.swift */ = {isa = PBXFileReference; lastKnownFileType = sourcecode.swift; path = ProfileService.swift; sourceTree = "<group>"; };
		3477654F1F3846C300B6B4F1 /* SchedulerContext.swift */ = {isa = PBXFileReference; lastKnownFileType = sourcecode.swift; path = SchedulerContext.swift; sourceTree = "<group>"; };
		347765511F3AB78800B6B4F1 /* PostsService.swift */ = {isa = PBXFileReference; lastKnownFileType = sourcecode.swift; path = PostsService.swift; sourceTree = "<group>"; };
		347765531F3AC1E200B6B4F1 /* UserViewController.swift */ = {isa = PBXFileReference; lastKnownFileType = sourcecode.swift; path = UserViewController.swift; sourceTree = "<group>"; };
		34B34E761FE50CE000AC3C73 /* viewstateTests.xctest */ = {isa = PBXFileReference; explicitFileType = wrapper.cfbundle; includeInIndex = 0; path = viewstateTests.xctest; sourceTree = BUILT_PRODUCTS_DIR; };
		34B34E781FE50CE000AC3C73 /* viewstateTests.swift */ = {isa = PBXFileReference; lastKnownFileType = sourcecode.swift; path = viewstateTests.swift; sourceTree = "<group>"; };
		34B34E7A1FE50CE000AC3C73 /* Info.plist */ = {isa = PBXFileReference; lastKnownFileType = text.plist.xml; path = Info.plist; sourceTree = "<group>"; };
		34C0687C1F3ACFAF004C4F69 /* Styles.swift */ = {isa = PBXFileReference; lastKnownFileType = sourcecode.swift; path = Styles.swift; sourceTree = "<group>"; };
		34C541181F3828780019D4C2 /* viewstate.app */ = {isa = PBXFileReference; explicitFileType = wrapper.application; includeInIndex = 0; path = viewstate.app; sourceTree = BUILT_PRODUCTS_DIR; };
		34C5411B1F3828780019D4C2 /* AppDelegate.swift */ = {isa = PBXFileReference; lastKnownFileType = sourcecode.swift; path = AppDelegate.swift; sourceTree = "<group>"; };
		34C541221F3828780019D4C2 /* Assets.xcassets */ = {isa = PBXFileReference; lastKnownFileType = folder.assetcatalog; path = Assets.xcassets; sourceTree = "<group>"; };
		34C541251F3828780019D4C2 /* Base */ = {isa = PBXFileReference; lastKnownFileType = file.storyboard; name = Base; path = Base.lproj/LaunchScreen.storyboard; sourceTree = "<group>"; };
		34C541271F3828780019D4C2 /* Info.plist */ = {isa = PBXFileReference; lastKnownFileType = text.plist.xml; path = Info.plist; sourceTree = "<group>"; };
		34E549521F3FBEFD0058624C /* UITableView+RegisterCells.swift */ = {isa = PBXFileReference; lastKnownFileType = sourcecode.swift; path = "UITableView+RegisterCells.swift"; sourceTree = "<group>"; };
		34E549541F3FBF790058624C /* LoadingTextView.swift */ = {isa = PBXFileReference; lastKnownFileType = sourcecode.swift; path = LoadingTextView.swift; sourceTree = "<group>"; };
		34E549561F3FBF9F0058624C /* ProfileHeaderCell.swift */ = {isa = PBXFileReference; lastKnownFileType = sourcecode.swift; path = ProfileHeaderCell.swift; sourceTree = "<group>"; };
		34E549581F3FBFC10058624C /* ErrorCell.swift */ = {isa = PBXFileReference; lastKnownFileType = sourcecode.swift; path = ErrorCell.swift; sourceTree = "<group>"; };
		34E5495A1F3FBFFA0058624C /* ProfileAttributeCell.swift */ = {isa = PBXFileReference; lastKnownFileType = sourcecode.swift; path = ProfileAttributeCell.swift; sourceTree = "<group>"; };
		34E5495C1F3FC00F0058624C /* ContentHeaderCell.swift */ = {isa = PBXFileReference; lastKnownFileType = sourcecode.swift; path = ContentHeaderCell.swift; sourceTree = "<group>"; };
		34E5495E1F3FC0230058624C /* ContentLoadingCell.swift */ = {isa = PBXFileReference; lastKnownFileType = sourcecode.swift; path = ContentLoadingCell.swift; sourceTree = "<group>"; };
		34E549601F3FC03A0058624C /* ContentEmptyCell.swift */ = {isa = PBXFileReference; lastKnownFileType = sourcecode.swift; path = ContentEmptyCell.swift; sourceTree = "<group>"; };
		34E549621F3FC0500058624C /* PostCell.swift */ = {isa = PBXFileReference; lastKnownFileType = sourcecode.swift; path = PostCell.swift; sourceTree = "<group>"; };
		34E5496B1F3FC1670058624C /* ErrorViewModel.swift */ = {isa = PBXFileReference; lastKnownFileType = sourcecode.swift; path = ErrorViewModel.swift; sourceTree = "<group>"; };
		34E5496D1F3FC1730058624C /* LoadingTextViewModel.swift */ = {isa = PBXFileReference; lastKnownFileType = sourcecode.swift; path = LoadingTextViewModel.swift; sourceTree = "<group>"; };
		34E5496F1F3FC1C20058624C /* User.swift */ = {isa = PBXFileReference; lastKnownFileType = sourcecode.swift; path = User.swift; sourceTree = "<group>"; };
		34E549711F3FC1C90058624C /* Post.swift */ = {isa = PBXFileReference; lastKnownFileType = sourcecode.swift; path = Post.swift; sourceTree = "<group>"; };
		9FEA37AD3A5E515833DC4CB9 /* Pods_viewstate.framework */ = {isa = PBXFileReference; explicitFileType = wrapper.framework; includeInIndex = 0; path = Pods_viewstate.framework; sourceTree = BUILT_PRODUCTS_DIR; };
		A57815EC4F48ED52809C9492 /* Pods-viewstate.debug.xcconfig */ = {isa = PBXFileReference; includeInIndex = 1; lastKnownFileType = text.xcconfig; name = "Pods-viewstate.debug.xcconfig"; path = "Pods/Target Support Files/Pods-viewstate/Pods-viewstate.debug.xcconfig"; sourceTree = "<group>"; };
		B80134563FCEC88737356BED /* Pods-viewstate.release.xcconfig */ = {isa = PBXFileReference; includeInIndex = 1; lastKnownFileType = text.xcconfig; name = "Pods-viewstate.release.xcconfig"; path = "Pods/Target Support Files/Pods-viewstate/Pods-viewstate.release.xcconfig"; sourceTree = "<group>"; };
/* End PBXFileReference section */

/* Begin PBXFrameworksBuildPhase section */
		34B34E731FE50CE000AC3C73 /* Frameworks */ = {
			isa = PBXFrameworksBuildPhase;
			buildActionMask = 2147483647;
			files = (
			);
			runOnlyForDeploymentPostprocessing = 0;
		};
		34C541151F3828780019D4C2 /* Frameworks */ = {
			isa = PBXFrameworksBuildPhase;
			buildActionMask = 2147483647;
			files = (
				19ED57A3BD6E2416395F30F6 /* Pods_viewstate.framework in Frameworks */,
			);
			runOnlyForDeploymentPostprocessing = 0;
		};
/* End PBXFrameworksBuildPhase section */

/* Begin PBXGroup section */
		17FBB783D070267B80911752 /* Frameworks */ = {
			isa = PBXGroup;
			children = (
				9FEA37AD3A5E515833DC4CB9 /* Pods_viewstate.framework */,
			);
			name = Frameworks;
			sourceTree = "<group>";
		};
		34B34E771FE50CE000AC3C73 /* viewstateTests */ = {
			isa = PBXGroup;
			children = (
				34B34E781FE50CE000AC3C73 /* viewstateTests.swift */,
				34B34E7A1FE50CE000AC3C73 /* Info.plist */,
			);
			path = viewstateTests;
			sourceTree = "<group>";
		};
		34C5410F1F3828780019D4C2 = {
			isa = PBXGroup;
			children = (
				34C5411A1F3828780019D4C2 /* viewstate */,
				34B34E771FE50CE000AC3C73 /* viewstateTests */,
				34C541191F3828780019D4C2 /* Products */,
				A7CE7454B1E017A5BCB04376 /* Pods */,
				17FBB783D070267B80911752 /* Frameworks */,
			);
			sourceTree = "<group>";
		};
		34C541191F3828780019D4C2 /* Products */ = {
			isa = PBXGroup;
			children = (
				34C541181F3828780019D4C2 /* viewstate.app */,
				34B34E761FE50CE000AC3C73 /* viewstateTests.xctest */,
			);
			name = Products;
			sourceTree = "<group>";
		};
		34C5411A1F3828780019D4C2 /* viewstate */ = {
			isa = PBXGroup;
			children = (
				34C5411B1F3828780019D4C2 /* AppDelegate.swift */,
				34E549671F3FC0B70058624C /* View */,
				34E549681F3FC0C10058624C /* View Model */,
				34E549691F3FC0CB0058624C /* Service */,
				34E5496A1F3FC0D60058624C /* Extension */,
				34C541221F3828780019D4C2 /* Assets.xcassets */,
				34C541241F3828780019D4C2 /* LaunchScreen.storyboard */,
				34C541271F3828780019D4C2 /* Info.plist */,
			);
			path = viewstate;
			sourceTree = "<group>";
		};
		34E549651F3FC0920058624C /* User Cells */ = {
			isa = PBXGroup;
			children = (
				34E549561F3FBF9F0058624C /* ProfileHeaderCell.swift */,
				34E5495A1F3FBFFA0058624C /* ProfileAttributeCell.swift */,
				34E5495C1F3FC00F0058624C /* ContentHeaderCell.swift */,
				34E5495E1F3FC0230058624C /* ContentLoadingCell.swift */,
				34E549601F3FC03A0058624C /* ContentEmptyCell.swift */,
				34E549621F3FC0500058624C /* PostCell.swift */,
			);
			path = "User Cells";
			sourceTree = "<group>";
		};
		34E549661F3FC09E0058624C /* Generic Views */ = {
			isa = PBXGroup;
			children = (
				34E549541F3FBF790058624C /* LoadingTextView.swift */,
				34E549581F3FBFC10058624C /* ErrorCell.swift */,
			);
			path = "Generic Views";
			sourceTree = "<group>";
		};
		34E549671F3FC0B70058624C /* View */ = {
			isa = PBXGroup;
			children = (
				34E549661F3FC09E0058624C /* Generic Views */,
				34E549651F3FC0920058624C /* User Cells */,
				347765531F3AC1E200B6B4F1 /* UserViewController.swift */,
			);
			path = View;
			sourceTree = "<group>";
		};
		34E549681F3FC0C10058624C /* View Model */ = {
			isa = PBXGroup;
			children = (
				347765411F382BAA00B6B4F1 /* UserInteractor.swift */,
				347765451F3836F100B6B4F1 /* ProfileInteractor.swift */,
				347765431F3836E000B6B4F1 /* PostsInteractor.swift */,
				347765471F38373400B6B4F1 /* ProfileViewModel.swift */,
				347765491F38373D00B6B4F1 /* PostsViewModel.swift */,
				3477654B1F38374500B6B4F1 /* UserViewModel.swift */,
				34E5496B1F3FC1670058624C /* ErrorViewModel.swift */,
				34E5496D1F3FC1730058624C /* LoadingTextViewModel.swift */,
			);
			path = "View Model";
			sourceTree = "<group>";
		};
		34E549691F3FC0CB0058624C /* Service */ = {
			isa = PBXGroup;
			children = (
				3477654D1F38468E00B6B4F1 /* ProfileService.swift */,
				347765511F3AB78800B6B4F1 /* PostsService.swift */,
				34E549711F3FC1C90058624C /* Post.swift */,
				34E5496F1F3FC1C20058624C /* User.swift */,
			);
			path = Service;
			sourceTree = "<group>";
		};
		34E5496A1F3FC0D60058624C /* Extension */ = {
			isa = PBXGroup;
			children = (
				3477654F1F3846C300B6B4F1 /* SchedulerContext.swift */,
				34C0687C1F3ACFAF004C4F69 /* Styles.swift */,
				34E549521F3FBEFD0058624C /* UITableView+RegisterCells.swift */,
			);
			path = Extension;
			sourceTree = "<group>";
		};
		A7CE7454B1E017A5BCB04376 /* Pods */ = {
			isa = PBXGroup;
			children = (
				A57815EC4F48ED52809C9492 /* Pods-viewstate.debug.xcconfig */,
				B80134563FCEC88737356BED /* Pods-viewstate.release.xcconfig */,
			);
			name = Pods;
			sourceTree = "<group>";
		};
/* End PBXGroup section */

/* Begin PBXNativeTarget section */
		34B34E751FE50CE000AC3C73 /* viewstateTests */ = {
			isa = PBXNativeTarget;
			buildConfigurationList = 34B34E7F1FE50CE000AC3C73 /* Build configuration list for PBXNativeTarget "viewstateTests" */;
			buildPhases = (
				34B34E721FE50CE000AC3C73 /* Sources */,
				34B34E731FE50CE000AC3C73 /* Frameworks */,
				34B34E741FE50CE000AC3C73 /* Resources */,
			);
			buildRules = (
			);
			dependencies = (
				34B34E7C1FE50CE000AC3C73 /* PBXTargetDependency */,
			);
			name = viewstateTests;
			productName = viewstateTests;
			productReference = 34B34E761FE50CE000AC3C73 /* viewstateTests.xctest */;
			productType = "com.apple.product-type.bundle.unit-test";
		};
		34C541171F3828780019D4C2 /* viewstate */ = {
			isa = PBXNativeTarget;
			buildConfigurationList = 34C5412A1F3828780019D4C2 /* Build configuration list for PBXNativeTarget "viewstate" */;
			buildPhases = (
				C9CD39B157E6FA15C81EB4F5 /* [CP] Check Pods Manifest.lock */,
				34C541141F3828780019D4C2 /* Sources */,
				34C541151F3828780019D4C2 /* Frameworks */,
				34C541161F3828780019D4C2 /* Resources */,
				F180D74E668D6DA2A01C0343 /* [CP] Embed Pods Frameworks */,
				6865374046AD5398DEE902B0 /* [CP] Copy Pods Resources */,
				34E549471F3AD7970058624C /* Embed Frameworks */,
			);
			buildRules = (
			);
			dependencies = (
			);
			name = viewstate;
			productName = viewstate;
			productReference = 34C541181F3828780019D4C2 /* viewstate.app */;
			productType = "com.apple.product-type.application";
		};
/* End PBXNativeTarget section */

/* Begin PBXProject section */
		34C541101F3828780019D4C2 /* Project object */ = {
			isa = PBXProject;
			attributes = {
				LastSwiftUpdateCheck = 0910;
				LastUpgradeCheck = 0900;
				ORGANIZATIONNAME = twocentstudios;
				TargetAttributes = {
					34B34E751FE50CE000AC3C73 = {
						CreatedOnToolsVersion = 9.1;
						DevelopmentTeam = YK25EF78NT;
						ProvisioningStyle = Automatic;
						TestTargetID = 34C541171F3828780019D4C2;
					};
					34C541171F3828780019D4C2 = {
						CreatedOnToolsVersion = 8.3.2;
						DevelopmentTeam = YK25EF78NT;
						LastSwiftMigration = 0910;
						ProvisioningStyle = Manual;
					};
				};
			};
			buildConfigurationList = 34C541131F3828780019D4C2 /* Build configuration list for PBXProject "viewstate" */;
			compatibilityVersion = "Xcode 3.2";
			developmentRegion = English;
			hasScannedForEncodings = 0;
			knownRegions = (
				en,
				Base,
			);
			mainGroup = 34C5410F1F3828780019D4C2;
			productRefGroup = 34C541191F3828780019D4C2 /* Products */;
			projectDirPath = "";
			projectRoot = "";
			targets = (
				34C541171F3828780019D4C2 /* viewstate */,
				34B34E751FE50CE000AC3C73 /* viewstateTests */,
			);
		};
/* End PBXProject section */

/* Begin PBXResourcesBuildPhase section */
		34B34E741FE50CE000AC3C73 /* Resources */ = {
			isa = PBXResourcesBuildPhase;
			buildActionMask = 2147483647;
			files = (
			);
			runOnlyForDeploymentPostprocessing = 0;
		};
		34C541161F3828780019D4C2 /* Resources */ = {
			isa = PBXResourcesBuildPhase;
			buildActionMask = 2147483647;
			files = (
				34C541261F3828780019D4C2 /* LaunchScreen.storyboard in Resources */,
				34C541231F3828780019D4C2 /* Assets.xcassets in Resources */,
			);
			runOnlyForDeploymentPostprocessing = 0;
		};
/* End PBXResourcesBuildPhase section */

/* Begin PBXShellScriptBuildPhase section */
		6865374046AD5398DEE902B0 /* [CP] Copy Pods Resources */ = {
			isa = PBXShellScriptBuildPhase;
			buildActionMask = 2147483647;
			files = (
			);
			inputPaths = (
			);
			name = "[CP] Copy Pods Resources";
			outputPaths = (
			);
			runOnlyForDeploymentPostprocessing = 0;
			shellPath = /bin/sh;
			shellScript = "\"${SRCROOT}/Pods/Target Support Files/Pods-viewstate/Pods-viewstate-resources.sh\"\n";
			showEnvVarsInLog = 0;
		};
		C9CD39B157E6FA15C81EB4F5 /* [CP] Check Pods Manifest.lock */ = {
			isa = PBXShellScriptBuildPhase;
			buildActionMask = 2147483647;
			files = (
			);
			inputPaths = (
				"${PODS_PODFILE_DIR_PATH}/Podfile.lock",
				"${PODS_ROOT}/Manifest.lock",
			);
			name = "[CP] Check Pods Manifest.lock";
			outputPaths = (
				"$(DERIVED_FILE_DIR)/Pods-viewstate-checkManifestLockResult.txt",
			);
			runOnlyForDeploymentPostprocessing = 0;
			shellPath = /bin/sh;
			shellScript = "diff \"${PODS_PODFILE_DIR_PATH}/Podfile.lock\" \"${PODS_ROOT}/Manifest.lock\" > /dev/null\nif [ $? != 0 ] ; then\n    # print error to STDERR\n    echo \"error: The sandbox is not in sync with the Podfile.lock. Run 'pod install' or update your CocoaPods installation.\" >&2\n    exit 1\nfi\n# This output is used by Xcode 'outputs' to avoid re-running this script phase.\necho \"SUCCESS\" > \"${SCRIPT_OUTPUT_FILE_0}\"\n";
			showEnvVarsInLog = 0;
		};
		F180D74E668D6DA2A01C0343 /* [CP] Embed Pods Frameworks */ = {
			isa = PBXShellScriptBuildPhase;
			buildActionMask = 2147483647;
			files = (
			);
			inputPaths = (
				"${SRCROOT}/Pods/Target Support Files/Pods-viewstate/Pods-viewstate-frameworks.sh",
				"${BUILT_PRODUCTS_DIR}/Differ/Differ.framework",
				"${BUILT_PRODUCTS_DIR}/ReactiveCocoa/ReactiveCocoa.framework",
				"${BUILT_PRODUCTS_DIR}/ReactiveSwift/ReactiveSwift.framework",
				"${BUILT_PRODUCTS_DIR}/Result/Result.framework",
			);
			name = "[CP] Embed Pods Frameworks";
			outputPaths = (
				"${TARGET_BUILD_DIR}/${FRAMEWORKS_FOLDER_PATH}/Differ.framework",
				"${TARGET_BUILD_DIR}/${FRAMEWORKS_FOLDER_PATH}/ReactiveCocoa.framework",
				"${TARGET_BUILD_DIR}/${FRAMEWORKS_FOLDER_PATH}/ReactiveSwift.framework",
				"${TARGET_BUILD_DIR}/${FRAMEWORKS_FOLDER_PATH}/Result.framework",
			);
			runOnlyForDeploymentPostprocessing = 0;
			shellPath = /bin/sh;
			shellScript = "\"${SRCROOT}/Pods/Target Support Files/Pods-viewstate/Pods-viewstate-frameworks.sh\"\n";
			showEnvVarsInLog = 0;
		};
/* End PBXShellScriptBuildPhase section */

/* Begin PBXSourcesBuildPhase section */
		34B34E721FE50CE000AC3C73 /* Sources */ = {
			isa = PBXSourcesBuildPhase;
			buildActionMask = 2147483647;
			files = (
				34B34E791FE50CE000AC3C73 /* viewstateTests.swift in Sources */,
			);
			runOnlyForDeploymentPostprocessing = 0;
		};
		34C541141F3828780019D4C2 /* Sources */ = {
			isa = PBXSourcesBuildPhase;
			buildActionMask = 2147483647;
			files = (
				347765441F3836E000B6B4F1 /* PostsInteractor.swift in Sources */,
				34C0687D1F3AD023004C4F69 /* Styles.swift in Sources */,
				3477654C1F38374500B6B4F1 /* UserViewModel.swift in Sources */,
				34E549701F3FC1C20058624C /* User.swift in Sources */,
				347765421F382BAA00B6B4F1 /* UserInteractor.swift in Sources */,
				347765521F3AB78800B6B4F1 /* PostsService.swift in Sources */,
				34E549591F3FBFC10058624C /* ErrorCell.swift in Sources */,
				34C5411C1F3828780019D4C2 /* AppDelegate.swift in Sources */,
				34E5495D1F3FC00F0058624C /* ContentHeaderCell.swift in Sources */,
				347765541F3AC1E200B6B4F1 /* UserViewController.swift in Sources */,
				3477654A1F38373D00B6B4F1 /* PostsViewModel.swift in Sources */,
				34E549551F3FBF790058624C /* LoadingTextView.swift in Sources */,
				347765481F38373400B6B4F1 /* ProfileViewModel.swift in Sources */,
				34E5495F1F3FC0230058624C /* ContentLoadingCell.swift in Sources */,
				34E549571F3FBF9F0058624C /* ProfileHeaderCell.swift in Sources */,
				34E5495B1F3FBFFA0058624C /* ProfileAttributeCell.swift in Sources */,
				34E549721F3FC1C90058624C /* Post.swift in Sources */,
				347765501F3846C300B6B4F1 /* SchedulerContext.swift in Sources */,
				34E5496E1F3FC1730058624C /* LoadingTextViewModel.swift in Sources */,
				347765461F3836F100B6B4F1 /* ProfileInteractor.swift in Sources */,
				3477654E1F38468E00B6B4F1 /* ProfileService.swift in Sources */,
				34E549531F3FBEFD0058624C /* UITableView+RegisterCells.swift in Sources */,
				34E5496C1F3FC1670058624C /* ErrorViewModel.swift in Sources */,
				34E549611F3FC03A0058624C /* ContentEmptyCell.swift in Sources */,
				34E549631F3FC0500058624C /* PostCell.swift in Sources */,
			);
			runOnlyForDeploymentPostprocessing = 0;
		};
/* End PBXSourcesBuildPhase section */

/* Begin PBXTargetDependency section */
		34B34E7C1FE50CE000AC3C73 /* PBXTargetDependency */ = {
			isa = PBXTargetDependency;
			target = 34C541171F3828780019D4C2 /* viewstate */;
			targetProxy = 34B34E7B1FE50CE000AC3C73 /* PBXContainerItemProxy */;
		};
/* End PBXTargetDependency section */

/* Begin PBXVariantGroup section */
		34C541241F3828780019D4C2 /* LaunchScreen.storyboard */ = {
			isa = PBXVariantGroup;
			children = (
				34C541251F3828780019D4C2 /* Base */,
			);
			name = LaunchScreen.storyboard;
			sourceTree = "<group>";
		};
/* End PBXVariantGroup section */

/* Begin XCBuildConfiguration section */
		34B34E7D1FE50CE000AC3C73 /* Debug */ = {
			isa = XCBuildConfiguration;
			buildSettings = {
				BUNDLE_LOADER = "$(TEST_HOST)";
				CLANG_CXX_LANGUAGE_STANDARD = "gnu++14";
				CLANG_WARN_UNGUARDED_AVAILABILITY = YES_AGGRESSIVE;
				CODE_SIGN_IDENTITY = "iPhone Developer";
				CODE_SIGN_STYLE = Automatic;
				DEVELOPMENT_TEAM = YK25EF78NT;
				GCC_C_LANGUAGE_STANDARD = gnu11;
				INFOPLIST_FILE = viewstateTests/Info.plist;
				IPHONEOS_DEPLOYMENT_TARGET = 11.1;
				LD_RUNPATH_SEARCH_PATHS = "$(inherited) @executable_path/Frameworks @loader_path/Frameworks";
				PRODUCT_BUNDLE_IDENTIFIER = com.twocentstudios.viewstateTests;
				PRODUCT_NAME = "$(TARGET_NAME)";
				SWIFT_VERSION = 4.0;
				TARGETED_DEVICE_FAMILY = "1,2";
				TEST_HOST = "$(BUILT_PRODUCTS_DIR)/viewstate.app/viewstate";
			};
			name = Debug;
		};
		34B34E7E1FE50CE000AC3C73 /* Release */ = {
			isa = XCBuildConfiguration;
			buildSettings = {
				BUNDLE_LOADER = "$(TEST_HOST)";
				CLANG_CXX_LANGUAGE_STANDARD = "gnu++14";
				CLANG_WARN_UNGUARDED_AVAILABILITY = YES_AGGRESSIVE;
				CODE_SIGN_IDENTITY = "iPhone Developer";
				CODE_SIGN_STYLE = Automatic;
				DEVELOPMENT_TEAM = YK25EF78NT;
				GCC_C_LANGUAGE_STANDARD = gnu11;
				INFOPLIST_FILE = viewstateTests/Info.plist;
				IPHONEOS_DEPLOYMENT_TARGET = 11.1;
				LD_RUNPATH_SEARCH_PATHS = "$(inherited) @executable_path/Frameworks @loader_path/Frameworks";
				PRODUCT_BUNDLE_IDENTIFIER = com.twocentstudios.viewstateTests;
				PRODUCT_NAME = "$(TARGET_NAME)";
				SWIFT_VERSION = 4.0;
				TARGETED_DEVICE_FAMILY = "1,2";
				TEST_HOST = "$(BUILT_PRODUCTS_DIR)/viewstate.app/viewstate";
			};
			name = Release;
		};
		34C541281F3828780019D4C2 /* Debug */ = {
			isa = XCBuildConfiguration;
			buildSettings = {
				ALWAYS_SEARCH_USER_PATHS = NO;
				CLANG_ANALYZER_NONNULL = YES;
				CLANG_ANALYZER_NUMBER_OBJECT_CONVERSION = YES_AGGRESSIVE;
				CLANG_CXX_LANGUAGE_STANDARD = "gnu++0x";
				CLANG_CXX_LIBRARY = "libc++";
				CLANG_ENABLE_MODULES = YES;
				CLANG_ENABLE_OBJC_ARC = YES;
				CLANG_WARN_BLOCK_CAPTURE_AUTORELEASING = YES;
				CLANG_WARN_BOOL_CONVERSION = YES;
				CLANG_WARN_COMMA = YES;
				CLANG_WARN_CONSTANT_CONVERSION = YES;
				CLANG_WARN_DIRECT_OBJC_ISA_USAGE = YES_ERROR;
				CLANG_WARN_DOCUMENTATION_COMMENTS = YES;
				CLANG_WARN_EMPTY_BODY = YES;
				CLANG_WARN_ENUM_CONVERSION = YES;
				CLANG_WARN_INFINITE_RECURSION = YES;
				CLANG_WARN_INT_CONVERSION = YES;
				CLANG_WARN_NON_LITERAL_NULL_CONVERSION = YES;
				CLANG_WARN_OBJC_LITERAL_CONVERSION = YES;
				CLANG_WARN_OBJC_ROOT_CLASS = YES_ERROR;
				CLANG_WARN_RANGE_LOOP_ANALYSIS = YES;
				CLANG_WARN_STRICT_PROTOTYPES = YES;
				CLANG_WARN_SUSPICIOUS_MOVE = YES;
				CLANG_WARN_UNREACHABLE_CODE = YES;
				CLANG_WARN__DUPLICATE_METHOD_MATCH = YES;
				"CODE_SIGN_IDENTITY[sdk=iphoneos*]" = "iPhone Developer";
				COPY_PHASE_STRIP = NO;
				DEBUG_INFORMATION_FORMAT = dwarf;
				ENABLE_STRICT_OBJC_MSGSEND = YES;
				ENABLE_TESTABILITY = YES;
				GCC_C_LANGUAGE_STANDARD = gnu99;
				GCC_DYNAMIC_NO_PIC = NO;
				GCC_NO_COMMON_BLOCKS = YES;
				GCC_OPTIMIZATION_LEVEL = 0;
				GCC_PREPROCESSOR_DEFINITIONS = (
					"DEBUG=1",
					"$(inherited)",
				);
				GCC_WARN_64_TO_32_BIT_CONVERSION = YES;
				GCC_WARN_ABOUT_RETURN_TYPE = YES_ERROR;
				GCC_WARN_UNDECLARED_SELECTOR = YES;
				GCC_WARN_UNINITIALIZED_AUTOS = YES_AGGRESSIVE;
				GCC_WARN_UNUSED_FUNCTION = YES;
				GCC_WARN_UNUSED_VARIABLE = YES;
				IPHONEOS_DEPLOYMENT_TARGET = 10.3;
				MTL_ENABLE_DEBUG_INFO = YES;
				ONLY_ACTIVE_ARCH = YES;
				SDKROOT = iphoneos;
				SWIFT_ACTIVE_COMPILATION_CONDITIONS = DEBUG;
				SWIFT_OPTIMIZATION_LEVEL = "-Onone";
			};
			name = Debug;
		};
		34C541291F3828780019D4C2 /* Release */ = {
			isa = XCBuildConfiguration;
			buildSettings = {
				ALWAYS_SEARCH_USER_PATHS = NO;
				CLANG_ANALYZER_NONNULL = YES;
				CLANG_ANALYZER_NUMBER_OBJECT_CONVERSION = YES_AGGRESSIVE;
				CLANG_CXX_LANGUAGE_STANDARD = "gnu++0x";
				CLANG_CXX_LIBRARY = "libc++";
				CLANG_ENABLE_MODULES = YES;
				CLANG_ENABLE_OBJC_ARC = YES;
				CLANG_WARN_BLOCK_CAPTURE_AUTORELEASING = YES;
				CLANG_WARN_BOOL_CONVERSION = YES;
				CLANG_WARN_COMMA = YES;
				CLANG_WARN_CONSTANT_CONVERSION = YES;
				CLANG_WARN_DIRECT_OBJC_ISA_USAGE = YES_ERROR;
				CLANG_WARN_DOCUMENTATION_COMMENTS = YES;
				CLANG_WARN_EMPTY_BODY = YES;
				CLANG_WARN_ENUM_CONVERSION = YES;
				CLANG_WARN_INFINITE_RECURSION = YES;
				CLANG_WARN_INT_CONVERSION = YES;
				CLANG_WARN_NON_LITERAL_NULL_CONVERSION = YES;
				CLANG_WARN_OBJC_LITERAL_CONVERSION = YES;
				CLANG_WARN_OBJC_ROOT_CLASS = YES_ERROR;
				CLANG_WARN_RANGE_LOOP_ANALYSIS = YES;
				CLANG_WARN_STRICT_PROTOTYPES = YES;
				CLANG_WARN_SUSPICIOUS_MOVE = YES;
				CLANG_WARN_UNREACHABLE_CODE = YES;
				CLANG_WARN__DUPLICATE_METHOD_MATCH = YES;
				"CODE_SIGN_IDENTITY[sdk=iphoneos*]" = "iPhone Developer";
				COPY_PHASE_STRIP = NO;
				DEBUG_INFORMATION_FORMAT = "dwarf-with-dsym";
				ENABLE_NS_ASSERTIONS = NO;
				ENABLE_STRICT_OBJC_MSGSEND = YES;
				GCC_C_LANGUAGE_STANDARD = gnu99;
				GCC_NO_COMMON_BLOCKS = YES;
				GCC_WARN_64_TO_32_BIT_CONVERSION = YES;
				GCC_WARN_ABOUT_RETURN_TYPE = YES_ERROR;
				GCC_WARN_UNDECLARED_SELECTOR = YES;
				GCC_WARN_UNINITIALIZED_AUTOS = YES_AGGRESSIVE;
				GCC_WARN_UNUSED_FUNCTION = YES;
				GCC_WARN_UNUSED_VARIABLE = YES;
				IPHONEOS_DEPLOYMENT_TARGET = 10.3;
				MTL_ENABLE_DEBUG_INFO = NO;
				SDKROOT = iphoneos;
				SWIFT_OPTIMIZATION_LEVEL = "-Owholemodule";
				VALIDATE_PRODUCT = YES;
			};
			name = Release;
		};
		34C5412B1F3828780019D4C2 /* Debug */ = {
			isa = XCBuildConfiguration;
			baseConfigurationReference = A57815EC4F48ED52809C9492 /* Pods-viewstate.debug.xcconfig */;
			buildSettings = {
				ALWAYS_EMBED_SWIFT_STANDARD_LIBRARIES = YES;
				ASSETCATALOG_COMPILER_APPICON_NAME = AppIcon;
				CODE_SIGN_IDENTITY = "iPhone Developer";
				DEVELOPMENT_TEAM = YK25EF78NT;
				INFOPLIST_FILE = viewstate/Info.plist;
				LD_RUNPATH_SEARCH_PATHS = "$(inherited) @executable_path/Frameworks";
				PRODUCT_BUNDLE_IDENTIFIER = com.twocentstudios.viewstate;
				PRODUCT_NAME = "$(TARGET_NAME)";
				PROVISIONING_PROFILE = "390d7585-fe76-45ae-b963-5efc3c12fcba";
				PROVISIONING_PROFILE_SPECIFIER = "Wildcard Development Profile";
				SWIFT_SWIFT3_OBJC_INFERENCE = Default;
				SWIFT_VERSION = 4.0;
			};
			name = Debug;
		};
		34C5412C1F3828780019D4C2 /* Release */ = {
			isa = XCBuildConfiguration;
			baseConfigurationReference = B80134563FCEC88737356BED /* Pods-viewstate.release.xcconfig */;
			buildSettings = {
				ALWAYS_EMBED_SWIFT_STANDARD_LIBRARIES = YES;
				ASSETCATALOG_COMPILER_APPICON_NAME = AppIcon;
				CODE_SIGN_IDENTITY = "iPhone Developer";
				DEVELOPMENT_TEAM = "";
				INFOPLIST_FILE = viewstate/Info.plist;
				LD_RUNPATH_SEARCH_PATHS = "$(inherited) @executable_path/Frameworks";
				PRODUCT_BUNDLE_IDENTIFIER = com.twocentstudios.viewstate;
				PRODUCT_NAME = "$(TARGET_NAME)";
				PROVISIONING_PROFILE_SPECIFIER = "";
				SWIFT_SWIFT3_OBJC_INFERENCE = Default;
				SWIFT_VERSION = 4.0;
			};
			name = Release;
		};
/* End XCBuildConfiguration section */

/* Begin XCConfigurationList section */
		34B34E7F1FE50CE000AC3C73 /* Build configuration list for PBXNativeTarget "viewstateTests" */ = {
			isa = XCConfigurationList;
			buildConfigurations = (
				34B34E7D1FE50CE000AC3C73 /* Debug */,
				34B34E7E1FE50CE000AC3C73 /* Release */,
			);
			defaultConfigurationIsVisible = 0;
			defaultConfigurationName = Release;
		};
		34C541131F3828780019D4C2 /* Build configuration list for PBXProject "viewstate" */ = {
			isa = XCConfigurationList;
			buildConfigurations = (
				34C541281F3828780019D4C2 /* Debug */,
				34C541291F3828780019D4C2 /* Release */,
			);
			defaultConfigurationIsVisible = 0;
			defaultConfigurationName = Release;
		};
		34C5412A1F3828780019D4C2 /* Build configuration list for PBXNativeTarget "viewstate" */ = {
			isa = XCConfigurationList;
			buildConfigurations = (
				34C5412B1F3828780019D4C2 /* Debug */,
				34C5412C1F3828780019D4C2 /* Release */,
			);
			defaultConfigurationIsVisible = 0;
			defaultConfigurationName = Release;
		};
/* End XCConfigurationList section */
	};
	rootObject = 34C541101F3828780019D4C2 /* Project object */;
}
